
Microsoft Visual Studio Solution File, Format Version 12.00
# Visual Studio Version 17
VisualStudioVersion = 17.0.31717.71
MinimumVisualStudioVersion = 10.0.40219.1
Project("{FAE04EC0-301F-11D3-BF4B-00C04F79EFBC}") = "Shop.Application", "Shop.Application.csproj", "{EAA25CEB-D905-4B68-811A-F12A3D073F8A}"
EndProject
Project("{FAE04EC0-301F-11D3-BF4B-00C04F79EFBC}") = "Model", "..\Model\Model.csproj", "{7A8603AC-7515-4CA4-800D-A42894342FD9}"
EndProject
Project("{FAE04EC0-301F-11D3-BF4B-00C04F79EFBC}") = "Shop.DataAccessLayer", "..\Shop.DataAccessLayer\Shop.DataAccessLayer.csproj", "{24E774C8-7BB1-4E15-9A52-56B404D9C0A3}"
EndProject
Project("{FAE04EC0-301F-11D3-BF4B-00C04F79EFBC}") = "Shop.Business", "..\Shop.Business\Shop.Business.csproj", "{0CA7649F-3980-45FB-96F9-964FA0EB3714}"
EndProject
Global
	GlobalSection(SolutionConfigurationPlatforms) = preSolution
		Debug|Any CPU = Debug|Any CPU
		Release|Any CPU = Release|Any CPU
	EndGlobalSection
	GlobalSection(ProjectConfigurationPlatforms) = postSolution
		{EAA25CEB-D905-4B68-811A-F12A3D073F8A}.Debug|Any CPU.ActiveCfg = Debug|Any CPU
		{EAA25CEB-D905-4B68-811A-F12A3D073F8A}.Debug|Any CPU.Build.0 = Debug|Any CPU
		{EAA25CEB-D905-4B68-811A-F12A3D073F8A}.Release|Any CPU.ActiveCfg = Release|Any CPU
		{EAA25CEB-D905-4B68-811A-F12A3D073F8A}.Release|Any CPU.Build.0 = Release|Any CPU
		{7A8603AC-7515-4CA4-800D-A42894342FD9}.Debug|Any CPU.ActiveCfg = Debug|Any CPU
		{7A8603AC-7515-4CA4-800D-A42894342FD9}.Debug|Any CPU.Build.0 = Debug|Any CPU
		{7A8603AC-7515-4CA4-800D-A42894342FD9}.Release|Any CPU.ActiveCfg = Release|Any CPU
		{7A8603AC-7515-4CA4-800D-A42894342FD9}.Release|Any CPU.Build.0 = Release|Any CPU
		{24E774C8-7BB1-4E15-9A52-56B404D9C0A3}.Debug|Any CPU.ActiveCfg = Debug|Any CPU
		{24E774C8-7BB1-4E15-9A52-56B404D9C0A3}.Debug|Any CPU.Build.0 = Debug|Any CPU
		{24E774C8-7BB1-4E15-9A52-56B404D9C0A3}.Release|Any CPU.ActiveCfg = Release|Any CPU
		{24E774C8-7BB1-4E15-9A52-56B404D9C0A3}.Release|Any CPU.Build.0 = Release|Any CPU
		{0CA7649F-3980-45FB-96F9-964FA0EB3714}.Debug|Any CPU.ActiveCfg = Debug|Any CPU
		{0CA7649F-3980-45FB-96F9-964FA0EB3714}.Debug|Any CPU.Build.0 = Debug|Any CPU
		{0CA7649F-3980-45FB-96F9-964FA0EB3714}.Release|Any CPU.ActiveCfg = Release|Any CPU
		{0CA7649F-3980-45FB-96F9-964FA0EB3714}.Release|Any CPU.Build.0 = Release|Any CPU
	EndGlobalSection
	GlobalSection(SolutionProperties) = preSolution
		HideSolutionNode = FALSE
	EndGlobalSection
	GlobalSection(ExtensibilityGlobals) = postSolution
		SolutionGuid = {5DD183D1-B3B5-411D-8B00-878F06CCCFE7}
	EndGlobalSection
EndGlobal
